version = 1
revision = 2
requires-python = ">=3.10, <3.12"

[[package]]
name = "pathspec"
version = "0.12.1"
source = { registry = "https://pypi.org/simple" }
sdist = { url = "https://files.pythonhosted.org/packages/ca/bc/f35b8446f4531a7cb215605d100cd88b7ac6f44ab3fc94870c120ab3adbf/pathspec-0.12.1.tar.gz", hash = "sha256:a482d51503a1ab33b1c67a6c3813a26953dbdc71c31dacaef9a838c4e29f5712", size = 51043, upload-time = "2023-12-10T22:30:45Z" }
wheels = [
    { url = "https://files.pythonhosted.org/packages/cc/20/ff623b09d963f88bfde16306a54e12ee5ea43e9b597108672ff3a408aad6/pathspec-0.12.1-py3-none-any.whl", hash = "sha256:a0d503e138a4c123b27490a4f7beda6a01c6f288df0e4a8b79c7eb0dc7b4cc08", size = 31191, upload-time = "2023-12-10T22:30:43.14Z" },
]

[[package]]
name = "pyyaml"
version = "6.0.2"
source = { registry = "https://pypi.org/simple" }
sdist = { url = "https://files.pythonhosted.org/packages/54/ed/79a089b6be93607fa5cdaedf301d7dfb23af5f25c398d5ead2525b063e17/pyyaml-6.0.2.tar.gz", hash = "sha256:d584d9ec91ad65861cc08d42e834324ef890a082e591037abe114850ff7bbc3e", size = 130631, upload-time = "2024-08-06T20:33:50.674Z" }
wheels = [
    { url = "https://files.pythonhosted.org/packages/9b/95/a3fac87cb7158e231b5a6012e438c647e1a87f09f8e0d123acec8ab8bf71/PyYAML-6.0.2-cp310-cp310-macosx_10_9_x86_64.whl", hash = "sha256:0a9a2848a5b7feac301353437eb7d5957887edbf81d56e903999a75a3d743086", size = 184199, upload-time = "2024-08-06T20:31:40.178Z" },
    { url = "https://files.pythonhosted.org/packages/c7/7a/68bd47624dab8fd4afbfd3c48e3b79efe09098ae941de5b58abcbadff5cb/PyYAML-6.0.2-cp310-cp310-macosx_11_0_arm64.whl", hash = "sha256:29717114e51c84ddfba879543fb232a6ed60086602313ca38cce623c1d62cfbf", size = 171758, upload-time = "2024-08-06T20:31:42.173Z" },
    { url = "https://files.pythonhosted.org/packages/49/ee/14c54df452143b9ee9f0f29074d7ca5516a36edb0b4cc40c3f280131656f/PyYAML-6.0.2-cp310-cp310-manylinux_2_17_aarch64.manylinux2014_aarch64.whl", hash = "sha256:8824b5a04a04a047e72eea5cec3bc266db09e35de6bdfe34c9436ac5ee27d237", size = 718463, upload-time = "2024-08-06T20:31:44.263Z" },
    { url = "https://files.pythonhosted.org/packages/4d/61/de363a97476e766574650d742205be468921a7b532aa2499fcd886b62530/PyYAML-6.0.2-cp310-cp310-manylinux_2_17_s390x.manylinux2014_s390x.whl", hash = "sha256:7c36280e6fb8385e520936c3cb3b8042851904eba0e58d277dca80a5cfed590b", size = 719280, upload-time = "2024-08-06T20:31:50.199Z" },
    { url = "https://files.pythonhosted.org/packages/6b/4e/1523cb902fd98355e2e9ea5e5eb237cbc5f3ad5f3075fa65087aa0ecb669/PyYAML-6.0.2-cp310-cp310-manylinux_2_17_x86_64.manylinux2014_x86_64.whl", hash = "sha256:ec031d5d2feb36d1d1a24380e4db6d43695f3748343d99434e6f5f9156aaa2ed", size = 751239, upload-time = "2024-08-06T20:31:52.292Z" },
    { url = "https://files.pythonhosted.org/packages/b7/33/5504b3a9a4464893c32f118a9cc045190a91637b119a9c881da1cf6b7a72/PyYAML-6.0.2-cp310-cp310-musllinux_1_1_aarch64.whl", hash = "sha256:936d68689298c36b53b29f23c6dbb74de12b4ac12ca6cfe0e047bedceea56180", size = 695802, upload-time = "2024-08-06T20:31:53.836Z" },
    { url = "https://files.pythonhosted.org/packages/5c/20/8347dcabd41ef3a3cdc4f7b7a2aff3d06598c8779faa189cdbf878b626a4/PyYAML-6.0.2-cp310-cp310-musllinux_1_1_x86_64.whl", hash = "sha256:23502f431948090f597378482b4812b0caae32c22213aecf3b55325e049a6c68", size = 720527, upload-time = "2024-08-06T20:31:55.565Z" },
    { url = "https://files.pythonhosted.org/packages/be/aa/5afe99233fb360d0ff37377145a949ae258aaab831bde4792b32650a4378/PyYAML-6.0.2-cp310-cp310-win32.whl", hash = "sha256:2e99c6826ffa974fe6e27cdb5ed0021786b03fc98e5ee3c5bfe1fd5015f42b99", size = 144052, upload-time = "2024-08-06T20:31:56.914Z" },
    { url = "https://files.pythonhosted.org/packages/b5/84/0fa4b06f6d6c958d207620fc60005e241ecedceee58931bb20138e1e5776/PyYAML-6.0.2-cp310-cp310-win_amd64.whl", hash = "sha256:a4d3091415f010369ae4ed1fc6b79def9416358877534caf6a0fdd2146c87a3e", size = 161774, upload-time = "2024-08-06T20:31:58.304Z" },
    { url = "https://files.pythonhosted.org/packages/f8/aa/7af4e81f7acba21a4c6be026da38fd2b872ca46226673c89a758ebdc4fd2/PyYAML-6.0.2-cp311-cp311-macosx_10_9_x86_64.whl", hash = "sha256:cc1c1159b3d456576af7a3e4d1ba7e6924cb39de8f67111c735f6fc832082774", size = 184612, upload-time = "2024-08-06T20:32:03.408Z" },
    { url = "https://files.pythonhosted.org/packages/8b/62/b9faa998fd185f65c1371643678e4d58254add437edb764a08c5a98fb986/PyYAML-6.0.2-cp311-cp311-macosx_11_0_arm64.whl", hash = "sha256:1e2120ef853f59c7419231f3bf4e7021f1b936f6ebd222406c3b60212205d2ee", size = 172040, upload-time = "2024-08-06T20:32:04.926Z" },
    { url = "https://files.pythonhosted.org/packages/ad/0c/c804f5f922a9a6563bab712d8dcc70251e8af811fce4524d57c2c0fd49a4/PyYAML-6.0.2-cp311-cp311-manylinux_2_17_aarch64.manylinux2014_aarch64.whl", hash = "sha256:5d225db5a45f21e78dd9358e58a98702a0302f2659a3c6cd320564b75b86f47c", size = 736829, upload-time = "2024-08-06T20:32:06.459Z" },
    { url = "https://files.pythonhosted.org/packages/51/16/6af8d6a6b210c8e54f1406a6b9481febf9c64a3109c541567e35a49aa2e7/PyYAML-6.0.2-cp311-cp311-manylinux_2_17_s390x.manylinux2014_s390x.whl", hash = "sha256:5ac9328ec4831237bec75defaf839f7d4564be1e6b25ac710bd1a96321cc8317", size = 764167, upload-time = "2024-08-06T20:32:08.338Z" },
    { url = "https://files.pythonhosted.org/packages/75/e4/2c27590dfc9992f73aabbeb9241ae20220bd9452df27483b6e56d3975cc5/PyYAML-6.0.2-cp311-cp311-manylinux_2_17_x86_64.manylinux2014_x86_64.whl", hash = "sha256:3ad2a3decf9aaba3d29c8f537ac4b243e36bef957511b4766cb0057d32b0be85", size = 762952, upload-time = "2024-08-06T20:32:14.124Z" },
    { url = "https://files.pythonhosted.org/packages/9b/97/ecc1abf4a823f5ac61941a9c00fe501b02ac3ab0e373c3857f7d4b83e2b6/PyYAML-6.0.2-cp311-cp311-musllinux_1_1_aarch64.whl", hash = "sha256:ff3824dc5261f50c9b0dfb3be22b4567a6f938ccce4587b38952d85fd9e9afe4", size = 735301, upload-time = "2024-08-06T20:32:16.17Z" },
    { url = "https://files.pythonhosted.org/packages/45/73/0f49dacd6e82c9430e46f4a027baa4ca205e8b0a9dce1397f44edc23559d/PyYAML-6.0.2-cp311-cp311-musllinux_1_1_x86_64.whl", hash = "sha256:797b4f722ffa07cc8d62053e4cff1486fa6dc094105d13fea7b1de7d8bf71c9e", size = 756638, upload-time = "2024-08-06T20:32:18.555Z" },
    { url = "https://files.pythonhosted.org/packages/22/5f/956f0f9fc65223a58fbc14459bf34b4cc48dec52e00535c79b8db361aabd/PyYAML-6.0.2-cp311-cp311-win32.whl", hash = "sha256:11d8f3dd2b9c1207dcaf2ee0bbbfd5991f571186ec9cc78427ba5bd32afae4b5", size = 143850, upload-time = "2024-08-06T20:32:19.889Z" },
    { url = "https://files.pythonhosted.org/packages/ed/23/8da0bbe2ab9dcdd11f4f4557ccaf95c10b9811b13ecced089d43ce59c3c8/PyYAML-6.0.2-cp311-cp311-win_amd64.whl", hash = "sha256:e10ce637b18caea04431ce14fabcf5c64a1c61ec9c56b071a4b7ca131ca52d44", size = 161980, upload-time = "2024-08-06T20:32:21.273Z" },
]

[[package]]
name = "ruff"
version = "0.11.8"
source = { registry = "https://pypi.org/simple" }
sdist = { url = "https://files.pythonhosted.org/packages/52/f6/adcf73711f31c9f5393862b4281c875a462d9f639f4ccdf69dc368311c20/ruff-0.11.8.tar.gz", hash = "sha256:6d742d10626f9004b781f4558154bb226620a7242080e11caeffab1a40e99df8", size = 4086399, upload-time = "2025-05-01T14:53:24.459Z" }
wheels = [
    { url = "https://files.pythonhosted.org/packages/9f/60/c6aa9062fa518a9f86cb0b85248245cddcd892a125ca00441df77d79ef88/ruff-0.11.8-py3-none-linux_armv6l.whl", hash = "sha256:896a37516c594805e34020c4a7546c8f8a234b679a7716a3f08197f38913e1a3", size = 10272473, upload-time = "2025-05-01T14:52:37.252Z" },
    { url = "https://files.pythonhosted.org/packages/a0/e4/0325e50d106dc87c00695f7bcd5044c6d252ed5120ebf423773e00270f50/ruff-0.11.8-py3-none-macosx_10_12_x86_64.whl", hash = "sha256:ab86d22d3d721a40dd3ecbb5e86ab03b2e053bc93c700dc68d1c3346b36ce835", size = 11040862, upload-time = "2025-05-01T14:52:41.022Z" },
    { url = "https://files.pythonhosted.org/packages/e6/27/b87ea1a7be37fef0adbc7fd987abbf90b6607d96aa3fc67e2c5b858e1e53/ruff-0.11.8-py3-none-macosx_11_0_arm64.whl", hash = "sha256:258f3585057508d317610e8a412788cf726efeefa2fec4dba4001d9e6f90d46c", size = 10385273, upload-time = "2025-05-01T14:52:43.551Z" },
    { url = "https://files.pythonhosted.org/packages/d3/f7/3346161570d789045ed47a86110183f6ac3af0e94e7fd682772d89f7f1a1/ruff-0.11.8-py3-none-manylinux_2_17_aarch64.manylinux2014_aarch64.whl", hash = "sha256:727d01702f7c30baed3fc3a34901a640001a2828c793525043c29f7614994a8c", size = 10578330, upload-time = "2025-05-01T14:52:45.48Z" },
    { url = "https://files.pythonhosted.org/packages/c6/c3/327fb950b4763c7b3784f91d3038ef10c13b2d42322d4ade5ce13a2f9edb/ruff-0.11.8-py3-none-manylinux_2_17_armv7l.manylinux2014_armv7l.whl", hash = "sha256:3dca977cc4fc8f66e89900fa415ffe4dbc2e969da9d7a54bfca81a128c5ac219", size = 10122223, upload-time = "2025-05-01T14:52:47.675Z" },
    { url = "https://files.pythonhosted.org/packages/de/c7/ba686bce9adfeb6c61cb1bbadc17d58110fe1d602f199d79d4c880170f19/ruff-0.11.8-py3-none-manylinux_2_17_i686.manylinux2014_i686.whl", hash = "sha256:c657fa987d60b104d2be8b052d66da0a2a88f9bd1d66b2254333e84ea2720c7f", size = 11697353, upload-time = "2025-05-01T14:52:50.264Z" },
    { url = "https://files.pythonhosted.org/packages/53/8e/a4fb4a1ddde3c59e73996bb3ac51844ff93384d533629434b1def7a336b0/ruff-0.11.8-py3-none-manylinux_2_17_ppc64.manylinux2014_ppc64.whl", hash = "sha256:f2e74b021d0de5eceb8bd32919f6ff8a9b40ee62ed97becd44993ae5b9949474", size = 12375936, upload-time = "2025-05-01T14:52:52.394Z" },
    { url = "https://files.pythonhosted.org/packages/ad/a1/9529cb1e2936e2479a51aeb011307e7229225df9ac64ae064d91ead54571/ruff-0.11.8-py3-none-manylinux_2_17_ppc64le.manylinux2014_ppc64le.whl", hash = "sha256:f9b5ef39820abc0f2c62111f7045009e46b275f5b99d5e59dda113c39b7f4f38", size = 11850083, upload-time = "2025-05-01T14:52:55.424Z" },
    { url = "https://files.pythonhosted.org/packages/3e/94/8f7eac4c612673ae15a4ad2bc0ee62e03c68a2d4f458daae3de0e47c67ba/ruff-0.11.8-py3-none-manylinux_2_17_s390x.manylinux2014_s390x.whl", hash = "sha256:c1dba3135ca503727aa4648152c0fa67c3b1385d3dc81c75cd8a229c4b2a1458", size = 14005834, upload-time = "2025-05-01T14:52:58.056Z" },
    { url = "https://files.pythonhosted.org/packages/1e/7c/6f63b46b2be870cbf3f54c9c4154d13fac4b8827f22fa05ac835c10835b2/ruff-0.11.8-py3-none-manylinux_2_17_x86_64.manylinux2014_x86_64.whl", hash = "sha256:7f024d32e62faad0f76b2d6afd141b8c171515e4fb91ce9fd6464335c81244e5", size = 11503713, upload-time = "2025-05-01T14:53:01.244Z" },
    { url = "https://files.pythonhosted.org/packages/3a/91/57de411b544b5fe072779678986a021d87c3ee5b89551f2ca41200c5d643/ruff-0.11.8-py3-none-musllinux_1_2_aarch64.whl", hash = "sha256:d365618d3ad747432e1ae50d61775b78c055fee5936d77fb4d92c6f559741948", size = 10457182, upload-time = "2025-05-01T14:53:03.726Z" },
    { url = "https://files.pythonhosted.org/packages/01/49/cfe73e0ce5ecdd3e6f1137bf1f1be03dcc819d1bfe5cff33deb40c5926db/ruff-0.11.8-py3-none-musllinux_1_2_armv7l.whl", hash = "sha256:4d9aaa91035bdf612c8ee7266153bcf16005c7c7e2f5878406911c92a31633cb", size = 10101027, upload-time = "2025-05-01T14:53:06.555Z" },
    { url = "https://files.pythonhosted.org/packages/56/21/a5cfe47c62b3531675795f38a0ef1c52ff8de62eaddf370d46634391a3fb/ruff-0.11.8-py3-none-musllinux_1_2_i686.whl", hash = "sha256:0eba551324733efc76116d9f3a0d52946bc2751f0cd30661564117d6fd60897c", size = 11111298, upload-time = "2025-05-01T14:53:08.825Z" },
    { url = "https://files.pythonhosted.org/packages/36/98/f76225f87e88f7cb669ae92c062b11c0a1e91f32705f829bd426f8e48b7b/ruff-0.11.8-py3-none-musllinux_1_2_x86_64.whl", hash = "sha256:161eb4cff5cfefdb6c9b8b3671d09f7def2f960cee33481dd898caf2bcd02304", size = 11566884, upload-time = "2025-05-01T14:53:11.626Z" },
    { url = "https://files.pythonhosted.org/packages/de/7e/fff70b02e57852fda17bd43f99dda37b9bcf3e1af3d97c5834ff48d04715/ruff-0.11.8-py3-none-win32.whl", hash = "sha256:5b18caa297a786465cc511d7f8be19226acf9c0a1127e06e736cd4e1878c3ea2", size = 10451102, upload-time = "2025-05-01T14:53:14.303Z" },
    { url = "https://files.pythonhosted.org/packages/7b/a9/eaa571eb70648c9bde3120a1d5892597de57766e376b831b06e7c1e43945/ruff-0.11.8-py3-none-win_amd64.whl", hash = "sha256:6e70d11043bef637c5617297bdedec9632af15d53ac1e1ba29c448da9341b0c4", size = 11597410, upload-time = "2025-05-01T14:53:16.571Z" },
    { url = "https://files.pythonhosted.org/packages/cd/be/f6b790d6ae98f1f32c645f8540d5c96248b72343b0a56fab3a07f2941897/ruff-0.11.8-py3-none-win_arm64.whl", hash = "sha256:304432e4c4a792e3da85b7699feb3426a0908ab98bf29df22a31b0cdd098fac2", size = 10713129, upload-time = "2025-05-01T14:53:22.27Z" },
]

[[package]]
name = "sd-webui-enable-checker"
version = "2.6.4"
source = { virtual = "." }

[package.dev-dependencies]
dev = [
    { name = "ruff" },
    { name = "yamllint" },
]

[package.metadata]

[package.metadata.requires-dev]
dev = [
    { name = "ruff", specifier = ">=0.6.7" },
    { name = "yamllint", specifier = ">=1.35.1" },
]

[[package]]
name = "yamllint"
version = "1.37.0"
source = { registry = "https://pypi.org/simple" }
dependencies = [
    { name = "pathspec" },
    { name = "pyyaml" },
]
sdist = { url = "https://files.pythonhosted.org/packages/4e/82/b2b6fa4c3e24df501d14eff23100b37e6d9f80cbed80644de4d1260ff402/yamllint-1.37.0.tar.gz", hash = "sha256:ead81921d4d87216b2528b7a055664708f9fb8267beb0c427cb706ac6ab93580", size = 141202, upload-time = "2025-03-23T09:21:43.881Z" }
wheels = [
    { url = "https://files.pythonhosted.org/packages/7f/ed/7596a24148f05d97a9c09934c727437b07a941aad96b21f173539840984c/yamllint-1.37.0-py3-none-any.whl", hash = "sha256:c03ab4e79ab4af964c8eb16ac9746880fc76a3bb0ffb14925b9a55220ae7dda0", size = 68695, upload-time = "2025-03-23T09:21:42.214Z" },
]
